// !$*UTF8*$!
{
	archiveVersion = 1;
	classes = {
	};
	objectVersion = 46;
	objects = {

/* Begin PBXBuildFile section */
		CB7CC99D1CD20BB3003F70DA /* AppDelegate.swift in Sources */ = {isa = PBXBuildFile; fileRef = CB7CC99C1CD20BB3003F70DA /* AppDelegate.swift */; };
		CB7CC99F1CD20BB3003F70DA /* ViewController.swift in Sources */ = {isa = PBXBuildFile; fileRef = CB7CC99E1CD20BB3003F70DA /* ViewController.swift */; };
		CB7CC9A21CD20BB3003F70DA /* Main.storyboard in Resources */ = {isa = PBXBuildFile; fileRef = CB7CC9A01CD20BB3003F70DA /* Main.storyboard */; };
		CB7CC9A41CD20BB3003F70DA /* Images.xcassets in Resources */ = {isa = PBXBuildFile; fileRef = CB7CC9A31CD20BB3003F70DA /* Images.xcassets */; };
		CB7CC9A71CD20BB3003F70DA /* LaunchScreen.xib in Resources */ = {isa = PBXBuildFile; fileRef = CB7CC9A51CD20BB3003F70DA /* LaunchScreen.xib */; };
		CB7CC9B31CD20BB3003F70DA /* countFingersTests.swift in Sources */ = {isa = PBXBuildFile; fileRef = CB7CC9B21CD20BB3003F70DA /* countFingersTests.swift */; };
/* End PBXBuildFile section */

/* Begin PBXContainerItemProxy section */
		CB7CC9AD1CD20BB3003F70DA /* PBXContainerItemProxy */ = {
			isa = PBXContainerItemProxy;
			containerPortal = CB7CC98F1CD20BB3003F70DA /* Project object */;
			proxyType = 1;
			remoteGlobalIDString = CB7CC9961CD20BB3003F70DA;
			remoteInfo = countFingers;
		};
/* End PBXContainerItemProxy section */

/* Begin PBXFileReference section */
		CB7CC9971CD20BB3003F70DA /* countFingers.app */ = {isa = PBXFileReference; explicitFileType = wrapper.application; includeInIndex = 0; path = countFingers.app; sourceTree = BUILT_PRODUCTS_DIR; };
		CB7CC99B1CD20BB3003F70DA /* Info.plist */ = {isa = PBXFileReference; lastKnownFileType = text.plist.xml; path = Info.plist; sourceTree = "<group>"; };
		CB7CC99C1CD20BB3003F70DA /* AppDelegate.swift */ = {isa = PBXFileReference; lastKnownFileType = sourcecode.swift; path = AppDelegate.swift; sourceTree = "<group>"; };
		CB7CC99E1CD20BB3003F70DA /* ViewController.swift */ = {isa = PBXFileReference; lastKnownFileType = sourcecode.swift; path = ViewController.swift; sourceTree = "<group>"; };
		CB7CC9A11CD20BB3003F70DA /* Base */ = {isa = PBXFileReference; lastKnownFileType = file.storyboard; name = Base; path = Base.lproj/Main.storyboard; sourceTree = "<group>"; };
		CB7CC9A31CD20BB3003F70DA /* Images.xcassets */ = {isa = PBXFileReference; lastKnownFileType = folder.assetcatalog; path = Images.xcassets; sourceTree = "<group>"; };
		CB7CC9A61CD20BB3003F70DA /* Base */ = {isa = PBXFileReference; lastKnownFileType = file.xib; name = Base; path = Base.lproj/LaunchScreen.xib; sourceTree = "<group>"; };
		CB7CC9AC1CD20BB3003F70DA /* countFingersTests.xctest */ = {isa = PBXFileReference; explicitFileType = wrapper.cfbundle; includeInIndex = 0; path = countFingersTests.xctest; sourceTree = BUILT_PRODUCTS_DIR; };
		CB7CC9B11CD20BB3003F70DA /* Info.plist */ = {isa = PBXFileReference; lastKnownFileType = text.plist.xml; path = Info.plist; sourceTree = "<group>"; };
		CB7CC9B21CD20BB3003F70DA /* countFingersTests.swift */ = {isa = PBXFileReference; lastKnownFileType = sourcecode.swift; path = countFingersTests.swift; sourceTree = "<group>"; };
/* End PBXFileReference section */

/* Begin PBXFrameworksBuildPhase section */
		CB7CC9941CD20BB3003F70DA /* Frameworks */ = {
			isa = PBXFrameworksBuildPhase;
			buildActionMask = 2147483647;
			files = (
			);
			runOnlyForDeploymentPostprocessing = 0;
		};
		CB7CC9A91CD20BB3003F70DA /* Frameworks */ = {
			isa = PBXFrameworksBuildPhase;
			buildActionMask = 2147483647;
			files = (
			);
			runOnlyForDeploymentPostprocessing = 0;
		};
/* End PBXFrameworksBuildPhase section */

/* Begin PBXGroup section */
		CB7CC98E1CD20BB3003F70DA = {
			isa = PBXGroup;
			children = (
				CB7CC9991CD20BB3003F70DA /* countFingers */,
				CB7CC9AF1CD20BB3003F70DA /* countFingersTests */,
				CB7CC9981CD20BB3003F70DA /* Products */,
			);
			sourceTree = "<group>";
		};
		CB7CC9981CD20BB3003F70DA /* Products */ = {
			isa = PBXGroup;
			children = (
				CB7CC9971CD20BB3003F70DA /* countFingers.app */,
				CB7CC9AC1CD20BB3003F70DA /* countFingersTests.xctest */,
			);
			name = Products;
			sourceTree = "<group>";
		};
		CB7CC9991CD20BB3003F70DA /* countFingers */ = {
			isa = PBXGroup;
			children = (
				CB7CC99C1CD20BB3003F70DA /* AppDelegate.swift */,
				CB7CC99E1CD20BB3003F70DA /* ViewController.swift */,
				CB7CC9A01CD20BB3003F70DA /* Main.storyboard */,
				CB7CC9A31CD20BB3003F70DA /* Images.xcassets */,
				CB7CC9A51CD20BB3003F70DA /* LaunchScreen.xib */,
				CB7CC99A1CD20BB3003F70DA /* Supporting Files */,
			);
			path = countFingers;
			sourceTree = "<group>";
		};
		CB7CC99A1CD20BB3003F70DA /* Supporting Files */ = {
			isa = PBXGroup;
			children = (
				CB7CC99B1CD20BB3003F70DA /* Info.plist */,
			);
			name = "Supporting Files";
			sourceTree = "<group>";
		};
		CB7CC9AF1CD20BB3003F70DA /* countFingersTests */ = {
			isa = PBXGroup;
			children = (
				CB7CC9B21CD20BB3003F70DA /* countFingersTests.swift */,
				CB7CC9B01CD20BB3003F70DA /* Supporting Files */,
			);
			path = countFingersTests;
			sourceTree = "<group>";
		};
		CB7CC9B01CD20BB3003F70DA /* Supporting Files */ = {
			isa = PBXGroup;
			children = (
				CB7CC9B11CD20BB3003F70DA /* Info.plist */,
			);
			name = "Supporting Files";
			sourceTree = "<group>";
		};
/* End PBXGroup section */

/* Begin PBXNativeTarget section */
		CB7CC9961CD20BB3003F70DA /* countFingers */ = {
			isa = PBXNativeTarget;
			buildConfigurationList = CB7CC9B61CD20BB3003F70DA /* Build configuration list for PBXNativeTarget "countFingers" */;
			buildPhases = (
				CB7CC9931CD20BB3003F70DA /* Sources */,
				CB7CC9941CD20BB3003F70DA /* Frameworks */,
				CB7CC9951CD20BB3003F70DA /* Resources */,
			);
			buildRules = (
			);
			dependencies = (
			);
			name = countFingers;
			productName = countFingers;
			productReference = CB7CC9971CD20BB3003F70DA /* countFingers.app */;
			productType = "com.apple.product-type.application";
		};
		CB7CC9AB1CD20BB3003F70DA /* countFingersTests */ = {
			isa = PBXNativeTarget;
			buildConfigurationList = CB7CC9B91CD20BB3003F70DA /* Build configuration list for PBXNativeTarget "countFingersTests" */;
			buildPhases = (
				CB7CC9A81CD20BB3003F70DA /* Sources */,
				CB7CC9A91CD20BB3003F70DA /* Frameworks */,
				CB7CC9AA1CD20BB3003F70DA /* Resources */,
			);
			buildRules = (
			);
			dependencies = (
				CB7CC9AE1CD20BB3003F70DA /* PBXTargetDependency */,
			);
			name = countFingersTests;
			productName = countFingersTests;
			productReference = CB7CC9AC1CD20BB3003F70DA /* countFingersTests.xctest */;
			productType = "com.apple.product-type.bundle.unit-test";
		};
/* End PBXNativeTarget section */

/* Begin PBXProject section */
		CB7CC98F1CD20BB3003F70DA /* Project object */ = {
			isa = PBXProject;
			attributes = {
				LastUpgradeCheck = 0630;
				ORGANIZATIONNAME = "Sean Xiao";
				TargetAttributes = {
					CB7CC9961CD20BB3003F70DA = {
						CreatedOnToolsVersion = 6.3.1;
					};
					CB7CC9AB1CD20BB3003F70DA = {
						CreatedOnToolsVersion = 6.3.1;
						TestTargetID = CB7CC9961CD20BB3003F70DA;
					};
				};
			};
			buildConfigurationList = CB7CC9921CD20BB3003F70DA /* Build configuration list for PBXProject "countFingers" */;
			compatibilityVersion = "Xcode 3.2";
			developmentRegion = English;
			hasScannedForEncodings = 0;
			knownRegions = (
				en,
				Base,
			);
			mainGroup = CB7CC98E1CD20BB3003F70DA;
			productRefGroup = CB7CC9981CD20BB3003F70DA /* Products */;
			projectDirPath = "";
			projectRoot = "";
			targets = (
				CB7CC9961CD20BB3003F70DA /* countFingers */,
				CB7CC9AB1CD20BB3003F70DA /* countFingersTests */,
			);
		};
/* End PBXProject section */

/* Begin PBXResourcesBuildPhase section */
		CB7CC9951CD20BB3003F70DA /* Resources */ = {
			isa = PBXResourcesBuildPhase;
			buildActionMask = 2147483647;
			files = (
				CB7CC9A21CD20BB3003F70DA /* Main.storyboard in Resources */,
				CB7CC9A71CD20BB3003F70DA /* LaunchScreen.xib in Resources */,
				CB7CC9A41CD20BB3003F70DA /* Images.xcassets in Resources */,
			);
			runOnlyForDeploymentPostprocessing = 0;
		};
		CB7CC9AA1CD20BB3003F70DA /* Resources */ = {
			isa = PBXResourcesBuildPhase;
			buildActionMask = 2147483647;
			files = (
			);
			runOnlyForDeploymentPostprocessing = 0;
		};
/* End PBXResourcesBuildPhase section */

/* Begin PBXSourcesBuildPhase section */
		CB7CC9931CD20BB3003F70DA /* Sources */ = {
			isa = PBXSourcesBuildPhase;
			buildActionMask = 2147483647;
			files = (
				CB7CC99F1CD20BB3003F70DA /* ViewController.swift in Sources */,
				CB7CC99D1CD20BB3003F70DA /* AppDelegate.swift in Sources */,
			);
			runOnlyForDeploymentPostprocessing = 0;
		};
		CB7CC9A81CD20BB3003F70DA /* Sources */ = {
			isa = PBXSourcesBuildPhase;
			buildActionMask = 2147483647;
			files = (
				CB7CC9B31CD20BB3003F70DA /* countFingersTests.swift in Sources */,
			);
			runOnlyForDeploymentPostprocessing = 0;
		};
/* End PBXSourcesBuildPhase section */

/* Begin PBXTargetDependency section */
		CB7CC9AE1CD20BB3003F70DA /* PBXTargetDependency */ = {
			isa = PBXTargetDependency;
			target = CB7CC9961CD20BB3003F70DA /* countFingers */;
			targetProxy = CB7CC9AD1CD20BB3003F70DA /* PBXContainerItemProxy */;
		};
/* End PBXTargetDependency section */

/* Begin PBXVariantGroup section */
		CB7CC9A01CD20BB3003F70DA /* Main.storyboard */ = {
			isa = PBXVariantGroup;
			children = (
				CB7CC9A11CD20BB3003F70DA /* Base */,
			);
			name = Main.storyboard;
			sourceTree = "<group>";
		};
		CB7CC9A51CD20BB3003F70DA /* LaunchScreen.xib */ = {
			isa = PBXVariantGroup;
			children = (
				CB7CC9A61CD20BB3003F70DA /* Base */,
			);
			name = LaunchScreen.xib;
			sourceTree = "<group>";
		};
/* End PBXVariantGroup section */

/* Begin XCBuildConfiguration section */
		CB7CC9B41CD20BB3003F70DA /* Debug */ = {
			isa = XCBuildConfiguration;
			buildSettings = {
				ALWAYS_SEARCH_USER_PATHS = NO;
				CLANG_CXX_LANGUAGE_STANDARD = "gnu++0x";
				CLANG_CXX_LIBRARY = "libc++";
				CLANG_ENABLE_MODULES = YES;
				CLANG_ENABLE_OBJC_ARC = YES;
				CLANG_WARN_BOOL_CONVERSION = YES;
				CLANG_WARN_CONSTANT_CONVERSION = YES;
				CLANG_WARN_DIRECT_OBJC_ISA_USAGE = YES_ERROR;
				CLANG_WARN_EMPTY_BODY = YES;
				CLANG_WARN_ENUM_CONVERSION = YES;
				CLANG_WARN_INT_CONVERSION = YES;
				CLANG_WARN_OBJC_ROOT_CLASS = YES_ERROR;
				CLANG_WARN_UNREACHABLE_CODE = YES;
				CLANG_WARN__DUPLICATE_METHOD_MATCH = YES;
				"CODE_SIGN_IDENTITY[sdk=iphoneos*]" = "iPhone Developer";
				COPY_PHASE_STRIP = NO;
				DEBUG_INFORMATION_FORMAT = "dwarf-with-dsym";
				ENABLE_STRICT_OBJC_MSGSEND = YES;
				GCC_C_LANGUAGE_STANDARD = gnu99;
				GCC_DYNAMIC_NO_PIC = NO;
				GCC_NO_COMMON_BLOCKS = YES;
				GCC_OPTIMIZATION_LEVEL = 0;
				GCC_PREPROCESSOR_DEFINITIONS = (
					"DEBUG=1",
					"$(inherited)",
				);
				GCC_SYMBOLS_PRIVATE_EXTERN = NO;
				GCC_WARN_64_TO_32_BIT_CONVERSION = YES;
				GCC_WARN_ABOUT_RETURN_TYPE = YES_ERROR;
				GCC_WARN_UNDECLARED_SELECTOR = YES;
				GCC_WARN_UNINITIALIZED_AUTOS = YES_AGGRESSIVE;
				GCC_WARN_UNUSED_FUNCTION = YES;
				GCC_WARN_UNUSED_VARIABLE = YES;
				IPHONEOS_DEPLOYMENT_TARGET = 8.3;
				MTL_ENABLE_DEBUG_INFO = YES;
				ONLY_ACTIVE_ARCH = YES;
				SDKROOT = iphoneos;
				SWIFT_OPTIMIZATION_LEVEL = "-Onone";
			};
			name = Debug;
		};
		CB7CC9B51CD20BB3003F70DA /* Release */ = {
			isa = XCBuildConfiguration;
			buildSettings = {
				ALWAYS_SEARCH_USER_PATHS = NO;
				CLANG_CXX_LANGUAGE_STANDARD = "gnu++0x";
				CLANG_CXX_LIBRARY = "libc++";
				CLANG_ENABLE_MODULES = YES;
				CLANG_ENABLE_OBJC_ARC = YES;
				CLANG_WARN_BOOL_CONVERSION = YES;
				CLANG_WARN_CONSTANT_CONVERSION = YES;
				CLANG_WARN_DIRECT_OBJC_ISA_USAGE = YES_ERROR;
				CLANG_WARN_EMPTY_BODY = YES;
				CLANG_WARN_ENUM_CONVERSION = YES;
				CLANG_WARN_INT_CONVERSION = YES;
				CLANG_WARN_OBJC_ROOT_CLASS = YES_ERROR;
				CLANG_WARN_UNREACHABLE_CODE = YES;
				CLANG_WARN__DUPLICATE_METHOD_MATCH = YES;
				"CODE_SIGN_IDENTITY[sdk=iphoneos*]" = "iPhone Developer";
				COPY_PHASE_STRIP = NO;
				DEBUG_INFORMATION_FORMAT = "dwarf-with-dsym";
				ENABLE_NS_ASSERTIONS = NO;
				ENABLE_STRICT_OBJC_MSGSEND = YES;
				GCC_C_LANGUAGE_STANDARD = gnu99;
				GCC_NO_COMMON_BLOCKS = YES;
				GCC_WARN_64_TO_32_BIT_CONVERSION = YES;
				GCC_WARN_ABOUT_RETURN_TYPE = YES_ERROR;
				GCC_WARN_UNDECLARED_SELECTOR = YES;
				GCC_WARN_UNINITIALIZED_AUTOS = YES_AGGRESSIVE;
				GCC_WARN_UNUSED_FUNCTION = YES;
				GCC_WARN_UNUSED_VARIABLE = YES;
				IPHONEOS_DEPLOYMENT_TARGET = 8.3;
				MTL_ENABLE_DEBUG_INFO = NO;
				SDKROOT = iphoneos;
				VALIDATE_PRODUCT = YES;
			};
			name = Release;
		};
		CB7CC9B71CD20BB3003F70DA /* Debug */ = {
			isa = XCBuildConfiguration;
			buildSettings = {
				ASSETCATALOG_COMPILER_APPICON_NAME = AppIcon;
				INFOPLIST_FILE = countFingers/Info.plist;
				LD_RUNPATH_SEARCH_PATHS = "$(inherited) @executable_path/Frameworks";
				PRODUCT_NAME = "$(TARGET_NAME)";
			};
			name = Debug;
		};
		CB7CC9B81CD20BB3003F70DA /* Release */ = {
			isa = XCBuildConfiguration;
			buildSettings = {
				ASSETCATALOG_COMPILER_APPICON_NAME = AppIcon;
				INFOPLIST_FILE = countFingers/Info.plist;
				LD_RUNPATH_SEARCH_PATHS = "$(inherited) @executable_path/Frameworks";
				PRODUCT_NAME = "$(TARGET_NAME)";
			};
			name = Release;
		};
		CB7CC9BA1CD20BB3003F70DA /* Debug */ = {
			isa = XCBuildConfiguration;
			buildSettings = {
				BUNDLE_LOADER = "$(TEST_HOST)";
				FRAMEWORK_SEARCH_PATHS = (
					"$(SDKROOT)/Developer/Library/Frameworks",
					"$(inherited)",
				);
				GCC_PREPROCESSOR_DEFINITIONS = (
					"DEBUG=1",
					"$(inherited)",
				);
				INFOPLIST_FILE = countFingersTests/Info.plist;
				LD_RUNPATH_SEARCH_PATHS = "$(inherited) @executable_path/Frameworks @loader_path/Frameworks";
				PRODUCT_NAME = "$(TARGET_NAME)";
				TEST_HOST = "$(BUILT_PRODUCTS_DIR)/countFingers.app/countFingers";
			};
			name = Debug;
		};
		CB7CC9BB1CD20BB3003F70DA /* Release */ = {
			isa = XCBuildConfiguration;
			buildSettings = {
				BUNDLE_LOADER = "$(TEST_HOST)";
				FRAMEWORK_SEARCH_PATHS = (
					"$(SDKROOT)/Developer/Library/Frameworks",
					"$(inherited)",
				);
				INFOPLIST_FILE = countFingersTests/Info.plist;
				LD_RUNPATH_SEARCH_PATHS = "$(inherited) @executable_path/Frameworks @loader_path/Frameworks";
				PRODUCT_NAME = "$(TARGET_NAME)";
				TEST_HOST = "$(BUILT_PRODUCTS_DIR)/countFingers.app/countFingers";
			};
			name = Release;
		};
/* End XCBuildConfiguration section */

/* Begin XCConfigurationList section */
		CB7CC9921CD20BB3003F70DA /* Build configuration list for PBXProject "countFingers" */ = {
			isa = XCConfigurationList;
			buildConfigurations = (
				CB7CC9B41CD20BB3003F70DA /* Debug */,
				CB7CC9B51CD20BB3003F70DA /* Release */,
			);
			defaultConfigurationIsVisible = 0;
			defaultConfigurationName = Release;
		};
		CB7CC9B61CD20BB3003F70DA /* Build configuration list for PBXNativeTarget "countFingers" */ = {
			isa = XCConfigurationList;
			buildConfigurations = (
				CB7CC9B71CD20BB3003F70DA /* Debug */,
				CB7CC9B81CD20BB3003F70DA /* Release */,
			);
			defaultConfigurationIsVisible = 0;
		};
		CB7CC9B91CD20BB3003F70DA /* Build configuration list for PBXNativeTarget "countFingersTests" */ = {
			isa = XCConfigurationList;
			buildConfigurations = (
				CB7CC9BA1CD20BB3003F70DA /* Debug */,
				CB7CC9BB1CD20BB3003F70DA /* Release */,
			);
			defaultConfigurationIsVisible = 0;
		};
/* End XCConfigurationList section */
	};
	rootObject = CB7CC98F1CD20BB3003F70DA /* Project object */;
}
